
Microsoft Visual Studio Solution File, Format Version 12.00
# Visual Studio Version 16
VisualStudioVersion = 16.0.31129.286
MinimumVisualStudioVersion = 10.0.40219.1
Project("{FAE04EC0-301F-11D3-BF4B-00C04F79EFBC}") = "DataParser", "DataParser.csproj", "{FAEB7BDC-F9BA-414D-ABD9-CC96EF635529}"
EndProject
Global
	GlobalSection(SolutionConfigurationPlatforms) = preSolution
		Debug|Any CPU = Debug|Any CPU
		Release|Any CPU = Release|Any CPU
	EndGlobalSection
	GlobalSection(ProjectConfigurationPlatforms) = postSolution
		{FAEB7BDC-F9BA-414D-ABD9-CC96EF635529}.Debug|Any CPU.ActiveCfg = Debug|Any CPU
		{FAEB7BDC-F9BA-414D-ABD9-CC96EF635529}.Debug|Any CPU.Build.0 = Debug|Any CPU
		{FAEB7BDC-F9BA-414D-ABD9-CC96EF635529}.Release|Any CPU.ActiveCfg = Release|Any CPU
		{FAEB7BDC-F9BA-414D-ABD9-CC96EF635529}.Release|Any CPU.Build.0 = Release|Any CPU
	EndGlobalSection
	GlobalSection(SolutionProperties) = preSolution
		HideSolutionNode = FALSE
	EndGlobalSection
	GlobalSection(ExtensibilityGlobals) = postSolution
		SolutionGuid = {EE3F73BB-7DD1-4C36-84A0-A656C6D9FDF3}
	EndGlobalSection
EndGlobal
